# This file is automatically @generated by Poetry 2.1.2 and should not be changed by hand.

[[package]]
name = "nml"
version = "0.8.1"
description = "An OpenTTD NewGRF compiler for the nml language"
optional = false
python-versions = ">=3.5"
groups = ["main"]
files = [
    {file = "nml-0.8.1-cp310-cp310-macosx_10_9_x86_64.whl", hash = "sha256:a13de6871f23d703942c01bf16e0eac1db51cbcf9e705e599540bb956d591832"},
    {file = "nml-0.8.1-cp310-cp310-macosx_11_0_arm64.whl", hash = "sha256:73b73e58bf1f805a3b3ce2730fd7f7395c9d8f8cd83cb08075e82020f9888af5"},
    {file = "nml-0.8.1-cp310-cp310-manylinux2014_aarch64.manylinux_2_17_aarch64.manylinux_2_28_aarch64.whl", hash = "sha256:19a405bda758fdefedb564ee19c977a280ee7c2e06ced730d001131c03bd385d"},
    {file = "nml-0.8.1-cp310-cp310-manylinux2014_x86_64.manylinux_2_17_x86_64.manylinux_2_28_x86_64.whl", hash = "sha256:2cc34cf9d7959814f9bfb3aa99b093959abc4683250669fba08d7389caf9a00f"},
    {file = "nml-0.8.1-cp310-cp310-musllinux_1_2_aarch64.whl", hash = "sha256:65334e9c9fa87f8d0e25ebc15d36acb72106a82782a4b8b6d395a318c914bb0a"},
    {file = "nml-0.8.1-cp310-cp310-musllinux_1_2_x86_64.whl", hash = "sha256:540c57408e3d49eff78cbbcb5d3cef57c7fedfabd2268d998561ddf5186b59cb"},
    {file = "nml-0.8.1-cp310-cp310-win32.whl", hash = "sha256:b3237fd14a4c7ebdaa6820e1638be1252c330d195621f0402b292246a2404880"},
    {file = "nml-0.8.1-cp310-cp310-win_amd64.whl", hash = "sha256:9f2c360bf9e4bec006d82e90d6ae00fe0399cd0020c62ac2fff96dc07bad71c3"},
    {file = "nml-0.8.1-cp311-cp311-macosx_10_9_x86_64.whl", hash = "sha256:e69df48e14961b1b129e8d7ce365bc84b972006cf4df2cef4ca0e336aa9eac8d"},
    {file = "nml-0.8.1-cp311-cp311-macosx_11_0_arm64.whl", hash = "sha256:8b93b6cb8441b5d3a10a59c0ad1be88b979b5c02b574c0775992610eb039e173"},
    {file = "nml-0.8.1-cp311-cp311-manylinux2014_aarch64.manylinux_2_17_aarch64.manylinux_2_28_aarch64.whl", hash = "sha256:add45b6fe3c0edef71fd350c7cdea785d508e778892de5ac94f227d137b0fbec"},
    {file = "nml-0.8.1-cp311-cp311-manylinux2014_x86_64.manylinux_2_17_x86_64.manylinux_2_28_x86_64.whl", hash = "sha256:73b89f9c31ede3bd7cdbd9bf1eeccec75a8fab7b0670d61f303042170b1dca4c"},
    {file = "nml-0.8.1-cp311-cp311-musllinux_1_2_aarch64.whl", hash = "sha256:b8efc81ad2485f659af972e7201b784dca80bd1ba50418210e8b54d2b843baa2"},
    {file = "nml-0.8.1-cp311-cp311-musllinux_1_2_x86_64.whl", hash = "sha256:0a809e7c3583c0ee42ff4f6602cd982a779f9ccae7e7a01d03dada450ba93571"},
    {file = "nml-0.8.1-cp311-cp311-win32.whl", hash = "sha256:ba7c96b6ef7b6472529819b7906098a43d584e81bd2adebc1f8fdd92af6ad2ca"},
    {file = "nml-0.8.1-cp311-cp311-win_amd64.whl", hash = "sha256:47862f0d230d9853a967abbeae9c323b0fe84896c47f1ae6464175735f084416"},
    {file = "nml-0.8.1-cp312-cp312-macosx_10_13_x86_64.whl", hash = "sha256:7a0e39cd84238583da8f58309169a1f07be6e86db4820afc1b21589a151017e2"},
    {file = "nml-0.8.1-cp312-cp312-macosx_11_0_arm64.whl", hash = "sha256:e5496fafb3ae70c5f442cbf4b828a5e0a7c889581ca30e385e310c6bb4e6de0f"},
    {file = "nml-0.8.1-cp312-cp312-manylinux2014_aarch64.manylinux_2_17_aarch64.manylinux_2_28_aarch64.whl", hash = "sha256:c1b7b42575e23f8251f5e8a61664ae45939f7ca07eb31a04132191ec3ac2c935"},
    {file = "nml-0.8.1-cp312-cp312-manylinux2014_x86_64.manylinux_2_17_x86_64.manylinux_2_28_x86_64.whl", hash = "sha256:839a818b3a7f4e043254503c1b640eb0283d39dbe1849b1cb1647c270635866b"},
    {file = "nml-0.8.1-cp312-cp312-musllinux_1_2_aarch64.whl", hash = "sha256:635cea89e6d92f91339a6af276abe9f6010204b239bde87cda1a365513bf1626"},
    {file = "nml-0.8.1-cp312-cp312-musllinux_1_2_x86_64.whl", hash = "sha256:24eaf5e0b5b57798f2d860d628fce3150e3b41b147b56bb3bad579ad27c16e9e"},
    {file = "nml-0.8.1-cp312-cp312-win32.whl", hash = "sha256:e3cd6c9fb04b8995467ce49366020eecea3c7794f591d94f8249c592f9b0e9a4"},
    {file = "nml-0.8.1-cp312-cp312-win_amd64.whl", hash = "sha256:44ef27e6c879da98084be654be0f42ae8c8d37ef799aafd1b84734ae3089f7d6"},
    {file = "nml-0.8.1-cp313-cp313-macosx_10_13_x86_64.whl", hash = "sha256:491a5663ca45cfd25e0ba3ec05908a0544b5783dac00f7161f22fc00d822ac6d"},
    {file = "nml-0.8.1-cp313-cp313-macosx_11_0_arm64.whl", hash = "sha256:61bec1608263eb5b539ae8b8f46e70eef9499f2ede399cc12e55cbd4a230e091"},
    {file = "nml-0.8.1-cp313-cp313-manylinux2014_aarch64.manylinux_2_17_aarch64.manylinux_2_28_aarch64.whl", hash = "sha256:2d2c73ef49b0a43f9eaa6d058eb49b6a34091247a7d46dc143e96b11399a1594"},
    {file = "nml-0.8.1-cp313-cp313-manylinux2014_x86_64.manylinux_2_17_x86_64.manylinux_2_28_x86_64.whl", hash = "sha256:9f81be22ccfced2d1ba9b85a074ba79ffffbb129d42a712314ac116938310314"},
    {file = "nml-0.8.1-cp313-cp313-musllinux_1_2_aarch64.whl", hash = "sha256:82490048330d8fba57fd899987b603ad4cae3d8d9f7778b933aa95b33c5e190e"},
    {file = "nml-0.8.1-cp313-cp313-musllinux_1_2_x86_64.whl", hash = "sha256:2dd851b93d145b81658808fba249265ddb412d31e53ca020ba7728bf1c778d7f"},
    {file = "nml-0.8.1-cp313-cp313-win32.whl", hash = "sha256:5049363495add81610fd2d7f95bf75329c2ec1f2d709dfa4aa26c2faeddc4e65"},
    {file = "nml-0.8.1-cp313-cp313-win_amd64.whl", hash = "sha256:6edcb94bcd0553564ead6bba03d27499dd516b207d9e671c1eaf6b5ba7957c9e"},
    {file = "nml-0.8.1-cp314-cp314-macosx_10_15_x86_64.whl", hash = "sha256:2166323daf5e12d2585bc7f4f717f9c74e14c61dc1dd8009b444c2dc1601e0ee"},
    {file = "nml-0.8.1-cp314-cp314-macosx_11_0_arm64.whl", hash = "sha256:937c155fcceda25897921d5f8fb889b5b34467165703c09fe2b8a3fc02b94699"},
    {file = "nml-0.8.1-cp314-cp314-manylinux2014_aarch64.manylinux_2_17_aarch64.manylinux_2_28_aarch64.whl", hash = "sha256:bffd72dd1fc94943e25230490e9bdaff27f65d49506a04c9dd1327926f28d7dd"},
    {file = "nml-0.8.1-cp314-cp314-manylinux2014_x86_64.manylinux_2_17_x86_64.manylinux_2_28_x86_64.whl", hash = "sha256:54aff3288d3f8c7d8931eed5f26687f9e03b73e327b15e21ad99c6dc0a477792"},
    {file = "nml-0.8.1-cp314-cp314-musllinux_1_2_aarch64.whl", hash = "sha256:f57951d83c799c1492300ed20a37f6e6d37085651df78627ed28fa5c81bc5621"},
    {file = "nml-0.8.1-cp314-cp314-musllinux_1_2_x86_64.whl", hash = "sha256:72c88eb1eb61662bafe13e6a359dd61e232297a5731f1c781cd0d17646ca1822"},
    {file = "nml-0.8.1-cp314-cp314-win32.whl", hash = "sha256:b4984bff68b52197c08abce61fc201159e88a1cb47a7cbb3864eaef36952250e"},
    {file = "nml-0.8.1-cp314-cp314-win_amd64.whl", hash = "sha256:e4d1b1c3fdb57c377cf86df05df0a9438aefd1306f6b0a9f847bc9348256fb69"},
    {file = "nml-0.8.1-cp314-cp314t-macosx_10_15_x86_64.whl", hash = "sha256:a2ea9feb48c733e6d2af0c966e96498adeb8ba71934f4f46cfc33aeae929218e"},
    {file = "nml-0.8.1-cp314-cp314t-macosx_11_0_arm64.whl", hash = "sha256:2171f7776b6c61de828170c3366a96f467a2348b6e811a80f8bc13f7c2f1fe28"},
    {file = "nml-0.8.1-cp314-cp314t-manylinux2014_aarch64.manylinux_2_17_aarch64.manylinux_2_28_aarch64.whl", hash = "sha256:ff6bb56dab98e657ffaf8f48076ee9cddf4dba10bda08700979d2a42938d033a"},
    {file = "nml-0.8.1-cp314-cp314t-manylinux2014_x86_64.manylinux_2_17_x86_64.manylinux_2_28_x86_64.whl", hash = "sha256:c217d9028a2f009cdda31906134fbb29a87cf7b2ff00c5d0f24a04e9a44f741c"},
    {file = "nml-0.8.1-cp314-cp314t-musllinux_1_2_aarch64.whl", hash = "sha256:5a0941a3eb28a91621f675016a2a247fc2be7a9b29ad1dd95c7905a07afd2167"},
    {file = "nml-0.8.1-cp314-cp314t-musllinux_1_2_x86_64.whl", hash = "sha256:3461bb1b179a6b5f3925783aaced2f9aa31a029f8f3364d313b2c3f3c521ea41"},
    {file = "nml-0.8.1-cp314-cp314t-win32.whl", hash = "sha256:8482b9ba0c9be0708ff73878db97d5267c85fdc620db55e0a2a3eec463537d76"},
    {file = "nml-0.8.1-cp314-cp314t-win_amd64.whl", hash = "sha256:e4e6dec2e537843c1d68efa58015f12a6539dc68aa35d8c6daab89f6c8e250dd"},
    {file = "nml-0.8.1-cp38-cp38-macosx_10_9_x86_64.whl", hash = "sha256:8fd12ff31aaf0bccda5c6373096cd3bc150e30c6f14a6d34a8eca55d88b6fa7a"},
    {file = "nml-0.8.1-cp38-cp38-macosx_11_0_arm64.whl", hash = "sha256:a4bf76f580d3ab50ff1035bfa6f5fa7f00d1c379ca7711335659182fa3a3d0fc"},
    {file = "nml-0.8.1-cp38-cp38-manylinux2014_aarch64.manylinux_2_17_aarch64.manylinux_2_28_aarch64.whl", hash = "sha256:8075ff13ce4a386d9be50bc0d3bec0c0382154eec417ec33b732d24e09ac909d"},
    {file = "nml-0.8.1-cp38-cp38-manylinux2014_x86_64.manylinux_2_17_x86_64.manylinux_2_28_x86_64.whl", hash = "sha256:f6031831be9bd82c429f8cae6299ef860f57a4a1a5b0270d43d23d3d52f97d7c"},
    {file = "nml-0.8.1-cp38-cp38-musllinux_1_2_aarch64.whl", hash = "sha256:063e7cb0da60fe8f4a3ce14abe0f55db5c9d42c5853fd687b230ba72bb07f8c7"},
    {file = "nml-0.8.1-cp38-cp38-musllinux_1_2_x86_64.whl", hash = "sha256:5d6c6fe59f31d275c4227f610a350a49266dddf07e2d54957e6d2b7a561e8305"},
    {file = "nml-0.8.1-cp38-cp38-win32.whl", hash = "sha256:a039d1ee979acc798c1cb4009732008f723d6fbd171df906883275252d5110ae"},
    {file = "nml-0.8.1-cp38-cp38-win_amd64.whl", hash = "sha256:56b0c113e5b96918fe8dbb5d5abc617e80f74603011930a9bf3e4ed67ba97d88"},
    {file = "nml-0.8.1-cp39-cp39-macosx_10_9_x86_64.whl", hash = "sha256:e919e4e7d3bf9fd1d596be3b0c5906490e0753179639db2c292570e313cc27f1"},
    {file = "nml-0.8.1-cp39-cp39-macosx_11_0_arm64.whl", hash = "sha256:af241efc7b7faba26a0a60ad46b371a77b67dec28139ca01d33186b9d83bb1da"},
    {file = "nml-0.8.1-cp39-cp39-manylinux2014_aarch64.manylinux_2_17_aarch64.manylinux_2_28_aarch64.whl", hash = "sha256:fca439b219d159ab46d9cedd9ade7913a0c846e5b9ccf8793b8174d1a06a515a"},
    {file = "nml-0.8.1-cp39-cp39-manylinux2014_x86_64.manylinux_2_17_x86_64.manylinux_2_28_x86_64.whl", hash = "sha256:05889d5f983cdede46ac5eb9147911d984c86b9eada3d615b0255949ce419680"},
    {file = "nml-0.8.1-cp39-cp39-musllinux_1_2_aarch64.whl", hash = "sha256:aea0eeb895cebe77e4e8c5fe02c39a0ebcd9eed84801bd0d78ddf0ce1e584082"},
    {file = "nml-0.8.1-cp39-cp39-musllinux_1_2_x86_64.whl", hash = "sha256:c44bc63973ec83709c4b0cb5ccf523962744ce01258a20d01a97654973e53518"},
    {file = "nml-0.8.1-cp39-cp39-win32.whl", hash = "sha256:8235f9e031dee056409f67c9068827b6397ad944633fc4205d4d1497736cbfe8"},
    {file = "nml-0.8.1-cp39-cp39-win_amd64.whl", hash = "sha256:40e2bbfb40066f3d38696217397436826ca9b268349ce0a989236805e9aa46a3"},
    {file = "nml-0.8.1.tar.gz", hash = "sha256:92d10d7550b405c0861c8773e8c92a81e11577a16ec75432fe80c9c4941c3a4f"},
]

[package.dependencies]
Pillow = ">=3.4"

[[package]]
name = "pillow"
version = "11.1.0"
description = "Python Imaging Library (Fork)"
optional = false
python-versions = ">=3.9"
groups = ["main"]
files = [
    {file = "pillow-11.1.0-cp310-cp310-macosx_10_10_x86_64.whl", hash = "sha256:e1abe69aca89514737465752b4bcaf8016de61b3be1397a8fc260ba33321b3a8"},
    {file = "pillow-11.1.0-cp310-cp310-macosx_11_0_arm64.whl", hash = "sha256:c640e5a06869c75994624551f45e5506e4256562ead981cce820d5ab39ae2192"},
    {file = "pillow-11.1.0-cp310-cp310-manylinux_2_17_aarch64.manylinux2014_aarch64.whl", hash = "sha256:a07dba04c5e22824816b2615ad7a7484432d7f540e6fa86af60d2de57b0fcee2"},
    {file = "pillow-11.1.0-cp310-cp310-manylinux_2_17_x86_64.manylinux2014_x86_64.whl", hash = "sha256:e267b0ed063341f3e60acd25c05200df4193e15a4a5807075cd71225a2386e26"},
    {file = "pillow-11.1.0-cp310-cp310-manylinux_2_28_aarch64.whl", hash = "sha256:bd165131fd51697e22421d0e467997ad31621b74bfc0b75956608cb2906dda07"},
    {file = "pillow-11.1.0-cp310-cp310-manylinux_2_28_x86_64.whl", hash = "sha256:abc56501c3fd148d60659aae0af6ddc149660469082859fa7b066a298bde9482"},
    {file = "pillow-11.1.0-cp310-cp310-musllinux_1_2_aarch64.whl", hash = "sha256:54ce1c9a16a9561b6d6d8cb30089ab1e5eb66918cb47d457bd996ef34182922e"},
    {file = "pillow-11.1.0-cp310-cp310-musllinux_1_2_x86_64.whl", hash = "sha256:73ddde795ee9b06257dac5ad42fcb07f3b9b813f8c1f7f870f402f4dc54b5269"},
    {file = "pillow-11.1.0-cp310-cp310-win32.whl", hash = "sha256:3a5fe20a7b66e8135d7fd617b13272626a28278d0e578c98720d9ba4b2439d49"},
    {file = "pillow-11.1.0-cp310-cp310-win_amd64.whl", hash = "sha256:b6123aa4a59d75f06e9dd3dac5bf8bc9aa383121bb3dd9a7a612e05eabc9961a"},
    {file = "pillow-11.1.0-cp310-cp310-win_arm64.whl", hash = "sha256:a76da0a31da6fcae4210aa94fd779c65c75786bc9af06289cd1c184451ef7a65"},
    {file = "pillow-11.1.0-cp311-cp311-macosx_10_10_x86_64.whl", hash = "sha256:e06695e0326d05b06833b40b7ef477e475d0b1ba3a6d27da1bb48c23209bf457"},
    {file = "pillow-11.1.0-cp311-cp311-macosx_11_0_arm64.whl", hash = "sha256:96f82000e12f23e4f29346e42702b6ed9a2f2fea34a740dd5ffffcc8c539eb35"},
    {file = "pillow-11.1.0-cp311-cp311-manylinux_2_17_aarch64.manylinux2014_aarch64.whl", hash = "sha256:a3cd561ded2cf2bbae44d4605837221b987c216cff94f49dfeed63488bb228d2"},
    {file = "pillow-11.1.0-cp311-cp311-manylinux_2_17_x86_64.manylinux2014_x86_64.whl", hash = "sha256:f189805c8be5ca5add39e6f899e6ce2ed824e65fb45f3c28cb2841911da19070"},
    {file = "pillow-11.1.0-cp311-cp311-manylinux_2_28_aarch64.whl", hash = "sha256:dd0052e9db3474df30433f83a71b9b23bd9e4ef1de13d92df21a52c0303b8ab6"},
    {file = "pillow-11.1.0-cp311-cp311-manylinux_2_28_x86_64.whl", hash = "sha256:837060a8599b8f5d402e97197d4924f05a2e0d68756998345c829c33186217b1"},
    {file = "pillow-11.1.0-cp311-cp311-musllinux_1_2_aarch64.whl", hash = "sha256:aa8dd43daa836b9a8128dbe7d923423e5ad86f50a7a14dc688194b7be5c0dea2"},
    {file = "pillow-11.1.0-cp311-cp311-musllinux_1_2_x86_64.whl", hash = "sha256:0a2f91f8a8b367e7a57c6e91cd25af510168091fb89ec5146003e424e1558a96"},
    {file = "pillow-11.1.0-cp311-cp311-win32.whl", hash = "sha256:c12fc111ef090845de2bb15009372175d76ac99969bdf31e2ce9b42e4b8cd88f"},
    {file = "pillow-11.1.0-cp311-cp311-win_amd64.whl", hash = "sha256:fbd43429d0d7ed6533b25fc993861b8fd512c42d04514a0dd6337fb3ccf22761"},
    {file = "pillow-11.1.0-cp311-cp311-win_arm64.whl", hash = "sha256:f7955ecf5609dee9442cbface754f2c6e541d9e6eda87fad7f7a989b0bdb9d71"},
    {file = "pillow-11.1.0-cp312-cp312-macosx_10_13_x86_64.whl", hash = "sha256:2062ffb1d36544d42fcaa277b069c88b01bb7298f4efa06731a7fd6cc290b81a"},
    {file = "pillow-11.1.0-cp312-cp312-macosx_11_0_arm64.whl", hash = "sha256:a85b653980faad27e88b141348707ceeef8a1186f75ecc600c395dcac19f385b"},
    {file = "pillow-11.1.0-cp312-cp312-manylinux_2_17_aarch64.manylinux2014_aarch64.whl", hash = "sha256:9409c080586d1f683df3f184f20e36fb647f2e0bc3988094d4fd8c9f4eb1b3b3"},
    {file = "pillow-11.1.0-cp312-cp312-manylinux_2_17_x86_64.manylinux2014_x86_64.whl", hash = "sha256:7fdadc077553621911f27ce206ffcbec7d3f8d7b50e0da39f10997e8e2bb7f6a"},
    {file = "pillow-11.1.0-cp312-cp312-manylinux_2_28_aarch64.whl", hash = "sha256:93a18841d09bcdd774dcdc308e4537e1f867b3dec059c131fde0327899734aa1"},
    {file = "pillow-11.1.0-cp312-cp312-manylinux_2_28_x86_64.whl", hash = "sha256:9aa9aeddeed452b2f616ff5507459e7bab436916ccb10961c4a382cd3e03f47f"},
    {file = "pillow-11.1.0-cp312-cp312-musllinux_1_2_aarch64.whl", hash = "sha256:3cdcdb0b896e981678eee140d882b70092dac83ac1cdf6b3a60e2216a73f2b91"},
    {file = "pillow-11.1.0-cp312-cp312-musllinux_1_2_x86_64.whl", hash = "sha256:36ba10b9cb413e7c7dfa3e189aba252deee0602c86c309799da5a74009ac7a1c"},
    {file = "pillow-11.1.0-cp312-cp312-win32.whl", hash = "sha256:cfd5cd998c2e36a862d0e27b2df63237e67273f2fc78f47445b14e73a810e7e6"},
    {file = "pillow-11.1.0-cp312-cp312-win_amd64.whl", hash = "sha256:a697cd8ba0383bba3d2d3ada02b34ed268cb548b369943cd349007730c92bddf"},
    {file = "pillow-11.1.0-cp312-cp312-win_arm64.whl", hash = "sha256:4dd43a78897793f60766563969442020e90eb7847463eca901e41ba186a7d4a5"},
    {file = "pillow-11.1.0-cp313-cp313-macosx_10_13_x86_64.whl", hash = "sha256:ae98e14432d458fc3de11a77ccb3ae65ddce70f730e7c76140653048c71bfcbc"},
    {file = "pillow-11.1.0-cp313-cp313-macosx_11_0_arm64.whl", hash = "sha256:cc1331b6d5a6e144aeb5e626f4375f5b7ae9934ba620c0ac6b3e43d5e683a0f0"},
    {file = "pillow-11.1.0-cp313-cp313-manylinux_2_17_aarch64.manylinux2014_aarch64.whl", hash = "sha256:758e9d4ef15d3560214cddbc97b8ef3ef86ce04d62ddac17ad39ba87e89bd3b1"},
    {file = "pillow-11.1.0-cp313-cp313-manylinux_2_17_x86_64.manylinux2014_x86_64.whl", hash = "sha256:b523466b1a31d0dcef7c5be1f20b942919b62fd6e9a9be199d035509cbefc0ec"},
    {file = "pillow-11.1.0-cp313-cp313-manylinux_2_28_aarch64.whl", hash = "sha256:9044b5e4f7083f209c4e35aa5dd54b1dd5b112b108648f5c902ad586d4f945c5"},
    {file = "pillow-11.1.0-cp313-cp313-manylinux_2_28_x86_64.whl", hash = "sha256:3764d53e09cdedd91bee65c2527815d315c6b90d7b8b79759cc48d7bf5d4f114"},
    {file = "pillow-11.1.0-cp313-cp313-musllinux_1_2_aarch64.whl", hash = "sha256:31eba6bbdd27dde97b0174ddf0297d7a9c3a507a8a1480e1e60ef914fe23d352"},
    {file = "pillow-11.1.0-cp313-cp313-musllinux_1_2_x86_64.whl", hash = "sha256:b5d658fbd9f0d6eea113aea286b21d3cd4d3fd978157cbf2447a6035916506d3"},
    {file = "pillow-11.1.0-cp313-cp313-win32.whl", hash = "sha256:f86d3a7a9af5d826744fabf4afd15b9dfef44fe69a98541f666f66fbb8d3fef9"},
    {file = "pillow-11.1.0-cp313-cp313-win_amd64.whl", hash = "sha256:593c5fd6be85da83656b93ffcccc2312d2d149d251e98588b14fbc288fd8909c"},
    {file = "pillow-11.1.0-cp313-cp313-win_arm64.whl", hash = "sha256:11633d58b6ee5733bde153a8dafd25e505ea3d32e261accd388827ee987baf65"},
    {file = "pillow-11.1.0-cp313-cp313t-macosx_10_13_x86_64.whl", hash = "sha256:70ca5ef3b3b1c4a0812b5c63c57c23b63e53bc38e758b37a951e5bc466449861"},
    {file = "pillow-11.1.0-cp313-cp313t-macosx_11_0_arm64.whl", hash = "sha256:8000376f139d4d38d6851eb149b321a52bb8893a88dae8ee7d95840431977081"},
    {file = "pillow-11.1.0-cp313-cp313t-manylinux_2_17_x86_64.manylinux2014_x86_64.whl", hash = "sha256:9ee85f0696a17dd28fbcfceb59f9510aa71934b483d1f5601d1030c3c8304f3c"},
    {file = "pillow-11.1.0-cp313-cp313t-manylinux_2_28_x86_64.whl", hash = "sha256:dd0e081319328928531df7a0e63621caf67652c8464303fd102141b785ef9547"},
    {file = "pillow-11.1.0-cp313-cp313t-musllinux_1_2_x86_64.whl", hash = "sha256:e63e4e5081de46517099dc30abe418122f54531a6ae2ebc8680bcd7096860eab"},
    {file = "pillow-11.1.0-cp313-cp313t-win32.whl", hash = "sha256:dda60aa465b861324e65a78c9f5cf0f4bc713e4309f83bc387be158b077963d9"},
    {file = "pillow-11.1.0-cp313-cp313t-win_amd64.whl", hash = "sha256:ad5db5781c774ab9a9b2c4302bbf0c1014960a0a7be63278d13ae6fdf88126fe"},
    {file = "pillow-11.1.0-cp313-cp313t-win_arm64.whl", hash = "sha256:67cd427c68926108778a9005f2a04adbd5e67c442ed21d95389fe1d595458756"},
    {file = "pillow-11.1.0-cp39-cp39-macosx_10_10_x86_64.whl", hash = "sha256:bf902d7413c82a1bfa08b06a070876132a5ae6b2388e2712aab3a7cbc02205c6"},
    {file = "pillow-11.1.0-cp39-cp39-macosx_11_0_arm64.whl", hash = "sha256:c1eec9d950b6fe688edee07138993e54ee4ae634c51443cfb7c1e7613322718e"},
    {file = "pillow-11.1.0-cp39-cp39-manylinux_2_17_aarch64.manylinux2014_aarch64.whl", hash = "sha256:8e275ee4cb11c262bd108ab2081f750db2a1c0b8c12c1897f27b160c8bd57bbc"},
    {file = "pillow-11.1.0-cp39-cp39-manylinux_2_17_x86_64.manylinux2014_x86_64.whl", hash = "sha256:4db853948ce4e718f2fc775b75c37ba2efb6aaea41a1a5fc57f0af59eee774b2"},
    {file = "pillow-11.1.0-cp39-cp39-manylinux_2_28_aarch64.whl", hash = "sha256:ab8a209b8485d3db694fa97a896d96dd6533d63c22829043fd9de627060beade"},
    {file = "pillow-11.1.0-cp39-cp39-manylinux_2_28_x86_64.whl", hash = "sha256:54251ef02a2309b5eec99d151ebf5c9904b77976c8abdcbce7891ed22df53884"},
    {file = "pillow-11.1.0-cp39-cp39-musllinux_1_2_aarch64.whl", hash = "sha256:5bb94705aea800051a743aa4874bb1397d4695fb0583ba5e425ee0328757f196"},
    {file = "pillow-11.1.0-cp39-cp39-musllinux_1_2_x86_64.whl", hash = "sha256:89dbdb3e6e9594d512780a5a1c42801879628b38e3efc7038094430844e271d8"},
    {file = "pillow-11.1.0-cp39-cp39-win32.whl", hash = "sha256:e5449ca63da169a2e6068dd0e2fcc8d91f9558aba89ff6d02121ca8ab11e79e5"},
    {file = "pillow-11.1.0-cp39-cp39-win_amd64.whl", hash = "sha256:3362c6ca227e65c54bf71a5f88b3d4565ff1bcbc63ae72c34b07bbb1cc59a43f"},
    {file = "pillow-11.1.0-cp39-cp39-win_arm64.whl", hash = "sha256:b20be51b37a75cc54c2c55def3fa2c65bb94ba859dde241cd0a4fd302de5ae0a"},
    {file = "pillow-11.1.0-pp310-pypy310_pp73-macosx_10_15_x86_64.whl", hash = "sha256:8c730dc3a83e5ac137fbc92dfcfe1511ce3b2b5d7578315b63dbbb76f7f51d90"},
    {file = "pillow-11.1.0-pp310-pypy310_pp73-macosx_11_0_arm64.whl", hash = "sha256:7d33d2fae0e8b170b6a6c57400e077412240f6f5bb2a342cf1ee512a787942bb"},
    {file = "pillow-11.1.0-pp310-pypy310_pp73-manylinux_2_17_aarch64.manylinux2014_aarch64.whl", hash = "sha256:a8d65b38173085f24bc07f8b6c505cbb7418009fa1a1fcb111b1f4961814a442"},
    {file = "pillow-11.1.0-pp310-pypy310_pp73-manylinux_2_17_x86_64.manylinux2014_x86_64.whl", hash = "sha256:015c6e863faa4779251436db398ae75051469f7c903b043a48f078e437656f83"},
    {file = "pillow-11.1.0-pp310-pypy310_pp73-manylinux_2_28_aarch64.whl", hash = "sha256:d44ff19eea13ae4acdaaab0179fa68c0c6f2f45d66a4d8ec1eda7d6cecbcc15f"},
    {file = "pillow-11.1.0-pp310-pypy310_pp73-manylinux_2_28_x86_64.whl", hash = "sha256:d3d8da4a631471dfaf94c10c85f5277b1f8e42ac42bade1ac67da4b4a7359b73"},
    {file = "pillow-11.1.0-pp310-pypy310_pp73-win_amd64.whl", hash = "sha256:4637b88343166249fe8aa94e7c4a62a180c4b3898283bb5d3d2fd5fe10d8e4e0"},
    {file = "pillow-11.1.0.tar.gz", hash = "sha256:368da70808b36d73b4b390a8ffac11069f8a5c85f29eff1f1b01bcf3ef5b2a20"},
]

[package.extras]
docs = ["furo", "olefile", "sphinx (>=8.1)", "sphinx-copybutton", "sphinx-inline-tabs", "sphinxext-opengraph"]
fpx = ["olefile"]
mic = ["olefile"]
tests = ["check-manifest", "coverage (>=7.4.2)", "defusedxml", "markdown2", "olefile", "packaging", "pyroma", "pytest", "pytest-cov", "pytest-timeout", "trove-classifiers (>=2024.10.12)"]
typing = ["typing-extensions ; python_version < \"3.10\""]
xmp = ["defusedxml"]

[metadata]
lock-version = "2.1"
python-versions = "^3.12"
content-hash = "886156c747f96d30bfa094804731f1c92caacd79818ed53fa80b0590c766371f"
