# This file is automatically @generated by Poetry 2.1.1 and should not be changed by hand.

[[package]]
name = "nml"
version = "0.7.6"
description = "An OpenTTD NewGRF compiler for the nml language"
optional = false
python-versions = ">=3.5"
groups = ["main"]
files = [
    {file = "nml-0.7.6-cp310-cp310-macosx_10_9_x86_64.whl", hash = "sha256:10c178c29ed2f5ef5f04f1083b53eb58f3781f60292ee00d45dd56188ff3ee44"},
    {file = "nml-0.7.6-cp310-cp310-macosx_11_0_arm64.whl", hash = "sha256:1c265d024ffae636e5f82ff0d80d940cbbf3f0ca1b06a36c43934b43c9af23d8"},
    {file = "nml-0.7.6-cp310-cp310-manylinux_2_17_aarch64.manylinux2014_aarch64.whl", hash = "sha256:be3a5d6d160c3a79fd07fa37d24fac17dc0aaa86915d6e6b70e18a58add14973"},
    {file = "nml-0.7.6-cp310-cp310-manylinux_2_17_x86_64.manylinux2014_x86_64.whl", hash = "sha256:1f6d40a9bf560a3c89b5c7772c421d854c24c84932dd0b9b9d38cd9c807e8bec"},
    {file = "nml-0.7.6-cp310-cp310-manylinux_2_5_i686.manylinux1_i686.manylinux_2_17_i686.manylinux2014_i686.whl", hash = "sha256:675df739d0f6a34388301e4fe9865a3327e657790ca38d60d3f5cde464b2da81"},
    {file = "nml-0.7.6-cp310-cp310-musllinux_1_2_aarch64.whl", hash = "sha256:5a5e70938221a2c6cafa754ad9b7e9b3c040d65a3b48b59fdc8b9942da457365"},
    {file = "nml-0.7.6-cp310-cp310-musllinux_1_2_i686.whl", hash = "sha256:7add55e908a8704f610e974034e5de57ff7334c1bde9ce61b64b775ab27d8053"},
    {file = "nml-0.7.6-cp310-cp310-musllinux_1_2_x86_64.whl", hash = "sha256:1f4af8e461c6e80e5c13f7f668be675f910d5f4e21746ff773e929a9086ee7e4"},
    {file = "nml-0.7.6-cp310-cp310-win32.whl", hash = "sha256:5abbcdd53db3f95f9f04519fb91e343d39beb701328c4dae45e0b204e25f9817"},
    {file = "nml-0.7.6-cp310-cp310-win_amd64.whl", hash = "sha256:3c970ed6e5d1b5c2148a97961b79da474d2bbeca11e07446bb0653518e69e6cf"},
    {file = "nml-0.7.6-cp311-cp311-macosx_10_9_x86_64.whl", hash = "sha256:389648714b4b7f110302177775dfc96417835a71cbdae73399056282ddfc9e44"},
    {file = "nml-0.7.6-cp311-cp311-macosx_11_0_arm64.whl", hash = "sha256:8140f76981e061660dcb064d0f090b07f36c4c8bc8f224e3303f9407ed74febb"},
    {file = "nml-0.7.6-cp311-cp311-manylinux_2_17_aarch64.manylinux2014_aarch64.whl", hash = "sha256:32481aec146bf5d6115a617d8dccd77109d83fef3799e45cfe4fe5ba4b635c20"},
    {file = "nml-0.7.6-cp311-cp311-manylinux_2_17_x86_64.manylinux2014_x86_64.whl", hash = "sha256:5857cbb4829ff59c1c0b07ded53ffa4626f5164a496913baa122c3463eb6d7da"},
    {file = "nml-0.7.6-cp311-cp311-manylinux_2_5_i686.manylinux1_i686.manylinux_2_17_i686.manylinux2014_i686.whl", hash = "sha256:2dbf3b746971aebab885eea36356bdb73724fbaddb119642c5bb30a846db1a1c"},
    {file = "nml-0.7.6-cp311-cp311-musllinux_1_2_aarch64.whl", hash = "sha256:0b876555a8b73302f341934441b46a2c35200be18ac461230a776d2630f2906b"},
    {file = "nml-0.7.6-cp311-cp311-musllinux_1_2_i686.whl", hash = "sha256:f244ace3fd5762160198ca8bb937e18734ec15f3a9eef84ca7b019a02dc47ba3"},
    {file = "nml-0.7.6-cp311-cp311-musllinux_1_2_x86_64.whl", hash = "sha256:5ebf5996ba0cb80cc847aeed7097d8a3d876bcd866e39bf7579979d2ae748c1f"},
    {file = "nml-0.7.6-cp311-cp311-win32.whl", hash = "sha256:f2d252bd1ff433690647e0dbd7e9bf486c07dc0d92a098f99c42d4f0449c2667"},
    {file = "nml-0.7.6-cp311-cp311-win_amd64.whl", hash = "sha256:334a90ab8bbd98e37c6c77d5e3f4927737a500d81c2282284b942a6cf685e25c"},
    {file = "nml-0.7.6-cp312-cp312-macosx_10_13_x86_64.whl", hash = "sha256:2fae6d14d34667435e3c3bd69e385c5ec309e51d759a82ce555cdcf80dade02c"},
    {file = "nml-0.7.6-cp312-cp312-macosx_11_0_arm64.whl", hash = "sha256:8d3ef2d1ee8b815d770f63e5ae34db85771893d3ae0a3b523bf83dabf97d5a09"},
    {file = "nml-0.7.6-cp312-cp312-manylinux_2_17_aarch64.manylinux2014_aarch64.whl", hash = "sha256:ae57f1a6db2ad2772cdd9f953f5c3c07d065a9d37d24542150e8fa57b55a4d5c"},
    {file = "nml-0.7.6-cp312-cp312-manylinux_2_17_x86_64.manylinux2014_x86_64.whl", hash = "sha256:04255669ba4ebd5601904fc9696b58af2897cd0482e578abd545a8e6c0bd403d"},
    {file = "nml-0.7.6-cp312-cp312-manylinux_2_5_i686.manylinux1_i686.manylinux_2_17_i686.manylinux2014_i686.whl", hash = "sha256:050db5ba7bba6be913ff440bb6c802a8cbe30352406ad4ac15b116e64135d5aa"},
    {file = "nml-0.7.6-cp312-cp312-musllinux_1_2_aarch64.whl", hash = "sha256:523007621c10a72b5c8c8cf242475fb4420eecba3f029cd3e757919a0dd0dd88"},
    {file = "nml-0.7.6-cp312-cp312-musllinux_1_2_i686.whl", hash = "sha256:bac7c71119c50207e6406953453d3853cb8a91dcfc7ea12e0135402b61235acc"},
    {file = "nml-0.7.6-cp312-cp312-musllinux_1_2_x86_64.whl", hash = "sha256:ec0e415ef9dbaea517e09c30c4c3db0984a135b7e2727a983533c0401c262141"},
    {file = "nml-0.7.6-cp312-cp312-win32.whl", hash = "sha256:aef66eedf9f7695da04f7484a8dfa745ba5c9b96f454cbe2fdf3da59924e5274"},
    {file = "nml-0.7.6-cp312-cp312-win_amd64.whl", hash = "sha256:586a60634319bd5f7fd00c813773c019f51634e1c9292cfbacbd4f2dd6aeb143"},
    {file = "nml-0.7.6-cp313-cp313-macosx_10_13_x86_64.whl", hash = "sha256:c7397da9839d001fd2975acce50c9e1dc8869e7bf4363970d502586d15cc161b"},
    {file = "nml-0.7.6-cp313-cp313-macosx_11_0_arm64.whl", hash = "sha256:a1efae4fe6c891dc6dee7df46b88c953b66e24087bd8393883ea8872fbe79956"},
    {file = "nml-0.7.6-cp313-cp313-manylinux_2_17_aarch64.manylinux2014_aarch64.whl", hash = "sha256:04809fdb6b2792be0b48518b04d8cec9ae656d429f7226b758250adb3a0640dc"},
    {file = "nml-0.7.6-cp313-cp313-manylinux_2_17_x86_64.manylinux2014_x86_64.whl", hash = "sha256:ae9bdceeb2cc2ba52c2b28c0c52af2ae04d52fd12e237fe0ab34873a169f57ad"},
    {file = "nml-0.7.6-cp313-cp313-manylinux_2_5_i686.manylinux1_i686.manylinux_2_17_i686.manylinux2014_i686.whl", hash = "sha256:a9fb69253999039d3acc07fbd9664b2bc5b1695c2ea0709a448a32755c4b9ac9"},
    {file = "nml-0.7.6-cp313-cp313-musllinux_1_2_aarch64.whl", hash = "sha256:fea13f2c823fe13d958c394c173d24111969c9f05aadefc6d9c8f4e1de0e8608"},
    {file = "nml-0.7.6-cp313-cp313-musllinux_1_2_i686.whl", hash = "sha256:ce83b264afe6cbcbfbe7e6611fed1417e0cb3bcda6f20384e643aebcc6d1f3ab"},
    {file = "nml-0.7.6-cp313-cp313-musllinux_1_2_x86_64.whl", hash = "sha256:d669727e484bb15da280a081df489e0429717ecaff6080a7ca1eb9a9dac97745"},
    {file = "nml-0.7.6-cp313-cp313-win32.whl", hash = "sha256:7b9203f871619a7ae0d4a6675477e1e31af6d49d4d536f2e7591a48f43664fc3"},
    {file = "nml-0.7.6-cp313-cp313-win_amd64.whl", hash = "sha256:03f41b137a83bcd9a225a3cf4b97190a6f995963920e7ae0e4e3aa5ac0b92847"},
    {file = "nml-0.7.6-cp36-cp36m-macosx_10_9_x86_64.whl", hash = "sha256:7f4ef78b78366777aa0313f0e94139a8246e30a16f8a006a938cc974961de872"},
    {file = "nml-0.7.6-cp36-cp36m-manylinux_2_17_aarch64.manylinux2014_aarch64.whl", hash = "sha256:2fc4bb7cf4bcd6b22d2b267d14ec3d6b859a76a39f0681fd86eaf287db2c3f32"},
    {file = "nml-0.7.6-cp36-cp36m-manylinux_2_17_x86_64.manylinux2014_x86_64.whl", hash = "sha256:a61ee4db41e676c02e084d222de277500f54e31147a7c9a4b4009e3edc7e70e0"},
    {file = "nml-0.7.6-cp36-cp36m-manylinux_2_5_i686.manylinux1_i686.manylinux_2_17_i686.manylinux2014_i686.whl", hash = "sha256:ca77a5ad8a3b1c717019c48d2ecf403e3d6dcfa556f56a09ef3ddd1f798d885c"},
    {file = "nml-0.7.6-cp36-cp36m-musllinux_1_2_aarch64.whl", hash = "sha256:3104ceb69e97ec64f0c95f4a6b25629e9bde4e9437d574f6107f20fc7eac8942"},
    {file = "nml-0.7.6-cp36-cp36m-musllinux_1_2_i686.whl", hash = "sha256:81f56946ba4d2ebe7fce48496c2a898a3676f554d508e5f49944338b155bc41a"},
    {file = "nml-0.7.6-cp36-cp36m-musllinux_1_2_x86_64.whl", hash = "sha256:13131eabcd7a264d9e6eaca7b03dd254068bfe46314f53ecaeddce00dd642bfe"},
    {file = "nml-0.7.6-cp36-cp36m-win32.whl", hash = "sha256:1f57ebda45fd06fe7e714da3877358514484e595cd354aff5fd37e98935a8056"},
    {file = "nml-0.7.6-cp36-cp36m-win_amd64.whl", hash = "sha256:2ba3596dfabe01d02c07b24f961ddfd40b05636b419ce2096ded12ea6c6ed3d2"},
    {file = "nml-0.7.6-cp37-cp37m-macosx_10_9_x86_64.whl", hash = "sha256:8e7bf05333f9b4fe30863519fb2795cdae5f4fdda21c9a3a3917486c00110726"},
    {file = "nml-0.7.6-cp37-cp37m-manylinux_2_17_aarch64.manylinux2014_aarch64.whl", hash = "sha256:5f58c64cc189ab6b6996c7014d1ec5e7eaf5b4a7cf3fd44178e16616ca805997"},
    {file = "nml-0.7.6-cp37-cp37m-manylinux_2_17_x86_64.manylinux2014_x86_64.whl", hash = "sha256:a0c8647821f6eed9cf34ec302702254d30c31804bc0b5616fb4fae0943c3a91f"},
    {file = "nml-0.7.6-cp37-cp37m-manylinux_2_5_i686.manylinux1_i686.manylinux_2_17_i686.manylinux2014_i686.whl", hash = "sha256:3d92ecc20b0278dff35303ffde4f591767da45866153fadd9f484afbc720aee2"},
    {file = "nml-0.7.6-cp37-cp37m-musllinux_1_2_aarch64.whl", hash = "sha256:90b53ab24615ac531ee3212a2382a7fa8f401aa07b696e12d0d6174c7cc414a3"},
    {file = "nml-0.7.6-cp37-cp37m-musllinux_1_2_i686.whl", hash = "sha256:2771bc3f91b62cf738d56f29e752e9a5e37ad960df95208897dedc0087b02459"},
    {file = "nml-0.7.6-cp37-cp37m-musllinux_1_2_x86_64.whl", hash = "sha256:421b0433db9b9a565b1b77a6312867fde431f79153d87dd6b1a3e34dd56d4fd9"},
    {file = "nml-0.7.6-cp37-cp37m-win32.whl", hash = "sha256:03ddb635c673ff3c7f64a7ca8bb2fa649db46bc4384bdf2cf850d4415dcc434f"},
    {file = "nml-0.7.6-cp37-cp37m-win_amd64.whl", hash = "sha256:2da26603e39b4e74accca42b85fe0a768933b34409679e7565225799ca5e0340"},
    {file = "nml-0.7.6-cp38-cp38-macosx_10_9_x86_64.whl", hash = "sha256:c1f0b81d2ebd3b30d0ec9d8493a402f87ee9fa128af26d5a88d0f0f3ef42f1ad"},
    {file = "nml-0.7.6-cp38-cp38-macosx_11_0_arm64.whl", hash = "sha256:aea96f11508c49e3f2516317ff025b90a184c260bcae2d3c438218fb496471e9"},
    {file = "nml-0.7.6-cp38-cp38-manylinux_2_17_aarch64.manylinux2014_aarch64.whl", hash = "sha256:c39fdf29c6591cfab17b8166027a3dd09eb75a1db12e060c4fe3c94428dd8471"},
    {file = "nml-0.7.6-cp38-cp38-manylinux_2_17_x86_64.manylinux2014_x86_64.whl", hash = "sha256:fc2ee42302d4c20f23404688a61d8cb136416c942e02e28d61026addb5ec401a"},
    {file = "nml-0.7.6-cp38-cp38-manylinux_2_5_i686.manylinux1_i686.manylinux_2_17_i686.manylinux2014_i686.whl", hash = "sha256:8fa06462d6d7669b27765245c462d09acd414e79b146fc5fc46c07c86bf0dbf8"},
    {file = "nml-0.7.6-cp38-cp38-musllinux_1_2_aarch64.whl", hash = "sha256:9266c2d4fac70c84fe38c5e6bc266d9b2c88516828cf5152178faad654ae3f9c"},
    {file = "nml-0.7.6-cp38-cp38-musllinux_1_2_i686.whl", hash = "sha256:b3113fb145e1aa27aa6b81384bf2b0e112011a9884407d0a955c73d368f82f4e"},
    {file = "nml-0.7.6-cp38-cp38-musllinux_1_2_x86_64.whl", hash = "sha256:90071635ef5153f3a3574ce2e2654adcc431dd4ee6afb7e8d44f1837ffe891c7"},
    {file = "nml-0.7.6-cp38-cp38-win32.whl", hash = "sha256:fe76c2d35fa3a37e81c6fce78a5cc4b6bb6cf0733b9a6fcc7683c3b0ca0d9824"},
    {file = "nml-0.7.6-cp38-cp38-win_amd64.whl", hash = "sha256:d6ee668d9e2b0bfa9334e9db84b340b33c3d3280617330b09f76484234e69aa4"},
    {file = "nml-0.7.6-cp39-cp39-macosx_10_9_x86_64.whl", hash = "sha256:ec2e6bc65c63873a9e759749a20f9f97a014d2d399223c7d3fa5020e7f623f12"},
    {file = "nml-0.7.6-cp39-cp39-macosx_11_0_arm64.whl", hash = "sha256:a5219e1d3efc538118b771a6be8eb813d5bdcf523bfcfb80789fe76853413e0d"},
    {file = "nml-0.7.6-cp39-cp39-manylinux_2_17_aarch64.manylinux2014_aarch64.whl", hash = "sha256:048bdd4dc68d178ff03808856aa750198f5fcd117bbdb3f863b3005ba46b560b"},
    {file = "nml-0.7.6-cp39-cp39-manylinux_2_17_x86_64.manylinux2014_x86_64.whl", hash = "sha256:907a12b30e0a77d08226a226deef10c37673018075afbd1c9ea78b684c701769"},
    {file = "nml-0.7.6-cp39-cp39-manylinux_2_5_i686.manylinux1_i686.manylinux_2_17_i686.manylinux2014_i686.whl", hash = "sha256:726e358a5559a300dea67fae3d92d2dacfa2e1af83772e6b81da4643b73999d2"},
    {file = "nml-0.7.6-cp39-cp39-musllinux_1_2_aarch64.whl", hash = "sha256:15768ff445b47aefa5d28529f2b990db32eae035f16754b4e5ff40759af4990f"},
    {file = "nml-0.7.6-cp39-cp39-musllinux_1_2_i686.whl", hash = "sha256:64275af1a84fef1ab7b5c3e87e209d45837a78d6ad9b20259f459c1c1a5abca1"},
    {file = "nml-0.7.6-cp39-cp39-musllinux_1_2_x86_64.whl", hash = "sha256:7697b6e62a4e52e1f3c9d00cfe74d3776f243922adf86f01e3546f95953db690"},
    {file = "nml-0.7.6-cp39-cp39-win32.whl", hash = "sha256:5ce354ea9d26762f85fab4f2eed51ee6ec7e4106bd0393d58ab3d8383b77ccb2"},
    {file = "nml-0.7.6-cp39-cp39-win_amd64.whl", hash = "sha256:1235cecfadb932dbcba76f4798d7779ef16db9b00083fc4827d1c2fd920d80a3"},
    {file = "nml-0.7.6-pp310-pypy310_pp73-macosx_10_15_x86_64.whl", hash = "sha256:a3376531f1939a654521d1ded5182a8384fc002704f1d4be656476d460f60b39"},
    {file = "nml-0.7.6-pp310-pypy310_pp73-macosx_11_0_arm64.whl", hash = "sha256:9afc5abae5ef72d0065b917b09e858849ecdc1ade3de40b73859079c0849f18a"},
    {file = "nml-0.7.6-pp310-pypy310_pp73-manylinux_2_17_aarch64.manylinux2014_aarch64.whl", hash = "sha256:9c9885e617d3c864f21fbcb0acc4918316ddbb425e67bbdff01d231a81ed5135"},
    {file = "nml-0.7.6-pp310-pypy310_pp73-manylinux_2_17_x86_64.manylinux2014_x86_64.whl", hash = "sha256:9a42714c1526769527b2bcc7185fb01743802b706109c05b890daa0cc8a0afd8"},
    {file = "nml-0.7.6-pp310-pypy310_pp73-manylinux_2_5_i686.manylinux1_i686.manylinux_2_17_i686.manylinux2014_i686.whl", hash = "sha256:d52d99e618fa7020ab5069b7c6129647c8465a9e910bbd649a0b3bf7df55df88"},
    {file = "nml-0.7.6-pp310-pypy310_pp73-win_amd64.whl", hash = "sha256:aa3c9cc485221056074ecd8f5e83da0a4945f8449396e0c34bb1fb613ac242e1"},
    {file = "nml-0.7.6-pp37-pypy37_pp73-macosx_10_9_x86_64.whl", hash = "sha256:00d694f552a668db48d341d6b3c9322b8c8c4dfb8adc47257c13536944ac34e5"},
    {file = "nml-0.7.6-pp37-pypy37_pp73-manylinux_2_17_aarch64.manylinux2014_aarch64.whl", hash = "sha256:f1ec7e57d4ded64adfa0f79984bf9ff4f8a24a98870e407130f65c38f401ab3b"},
    {file = "nml-0.7.6-pp37-pypy37_pp73-manylinux_2_17_x86_64.manylinux2014_x86_64.whl", hash = "sha256:ddb257c3564d2e140c3677172baaf117b6569251ace6f4d7a238e7cd505f9457"},
    {file = "nml-0.7.6-pp37-pypy37_pp73-manylinux_2_5_i686.manylinux1_i686.manylinux_2_17_i686.manylinux2014_i686.whl", hash = "sha256:d5ffcb2e7bd5ef0dec645fc1bdb4a92e564458a7a9816b976801e72315afa92e"},
    {file = "nml-0.7.6-pp37-pypy37_pp73-win_amd64.whl", hash = "sha256:6bdcdd7b69c645b8d244e1d9fca2f599368ebf77a7700591497b0dea111b80c9"},
    {file = "nml-0.7.6-pp38-pypy38_pp73-macosx_10_9_x86_64.whl", hash = "sha256:e0f1b7e5c3eb8d48b2ecd341862d65cfa8438d581a17fcb052d63186f7876a7a"},
    {file = "nml-0.7.6-pp38-pypy38_pp73-macosx_11_0_arm64.whl", hash = "sha256:a10179b7fbcadfa783cd5bb4cfbad5f055cb6ff44af6cb291f5b4efcf4c0abba"},
    {file = "nml-0.7.6-pp38-pypy38_pp73-manylinux_2_17_aarch64.manylinux2014_aarch64.whl", hash = "sha256:a76f4f559c23aa6c439cfb53e3042918f0cc1b136fc94b16160d33cf49fcae1c"},
    {file = "nml-0.7.6-pp38-pypy38_pp73-manylinux_2_17_x86_64.manylinux2014_x86_64.whl", hash = "sha256:3b968c555a313c06bf4efce92f5936d91f89e19cbf209b83d7b8b9dc18dbaa32"},
    {file = "nml-0.7.6-pp38-pypy38_pp73-manylinux_2_5_i686.manylinux1_i686.manylinux_2_17_i686.manylinux2014_i686.whl", hash = "sha256:e423f7309e26f6a89e26476352193da4c0fbfab99de5931a8a1a796511720ada"},
    {file = "nml-0.7.6-pp38-pypy38_pp73-win_amd64.whl", hash = "sha256:c6110f3ad2d07164c66cfe8c1447732e5560a8f830b8c0e16812f71a74dff659"},
    {file = "nml-0.7.6-pp39-pypy39_pp73-macosx_10_15_x86_64.whl", hash = "sha256:e92e2cd833af8206e361cacf61b4628452000cda85b264c5d678752f9bdc996e"},
    {file = "nml-0.7.6-pp39-pypy39_pp73-macosx_11_0_arm64.whl", hash = "sha256:f40f2ce3df633f5994f69e068a3b584d9f76a9b975eace9073b522dfbd00a65d"},
    {file = "nml-0.7.6-pp39-pypy39_pp73-manylinux_2_17_aarch64.manylinux2014_aarch64.whl", hash = "sha256:a6483f42b52d13f4ee8cd83867cdd4e32a01b7868511a98d5771a3f0bbd49d30"},
    {file = "nml-0.7.6-pp39-pypy39_pp73-manylinux_2_17_x86_64.manylinux2014_x86_64.whl", hash = "sha256:dc8717a6149c0486b251f5603a3e87dabd73edccd680a3412c17781f115f0a1a"},
    {file = "nml-0.7.6-pp39-pypy39_pp73-manylinux_2_5_i686.manylinux1_i686.manylinux_2_17_i686.manylinux2014_i686.whl", hash = "sha256:0bcbbda7d97f76d519e79518c70b368603bd0547c0153cd7d50989fceaa9af77"},
    {file = "nml-0.7.6-pp39-pypy39_pp73-win_amd64.whl", hash = "sha256:e5eaa6b0098db4b662fcdba3dff377e2e00a9e1a61645348ac7477142a3692db"},
    {file = "nml-0.7.6.tar.gz", hash = "sha256:d9e7ce5f847ad2a90f702cd478e1a01bede5f9cd2bcfa5e2183cea96264cc945"},
]

[package.dependencies]
Pillow = ">=3.4"
ply = "*"

[[package]]
name = "pillow"
version = "11.1.0"
description = "Python Imaging Library (Fork)"
optional = false
python-versions = ">=3.9"
groups = ["main"]
files = [
    {file = "pillow-11.1.0-cp310-cp310-macosx_10_10_x86_64.whl", hash = "sha256:e1abe69aca89514737465752b4bcaf8016de61b3be1397a8fc260ba33321b3a8"},
    {file = "pillow-11.1.0-cp310-cp310-macosx_11_0_arm64.whl", hash = "sha256:c640e5a06869c75994624551f45e5506e4256562ead981cce820d5ab39ae2192"},
    {file = "pillow-11.1.0-cp310-cp310-manylinux_2_17_aarch64.manylinux2014_aarch64.whl", hash = "sha256:a07dba04c5e22824816b2615ad7a7484432d7f540e6fa86af60d2de57b0fcee2"},
    {file = "pillow-11.1.0-cp310-cp310-manylinux_2_17_x86_64.manylinux2014_x86_64.whl", hash = "sha256:e267b0ed063341f3e60acd25c05200df4193e15a4a5807075cd71225a2386e26"},
    {file = "pillow-11.1.0-cp310-cp310-manylinux_2_28_aarch64.whl", hash = "sha256:bd165131fd51697e22421d0e467997ad31621b74bfc0b75956608cb2906dda07"},
    {file = "pillow-11.1.0-cp310-cp310-manylinux_2_28_x86_64.whl", hash = "sha256:abc56501c3fd148d60659aae0af6ddc149660469082859fa7b066a298bde9482"},
    {file = "pillow-11.1.0-cp310-cp310-musllinux_1_2_aarch64.whl", hash = "sha256:54ce1c9a16a9561b6d6d8cb30089ab1e5eb66918cb47d457bd996ef34182922e"},
    {file = "pillow-11.1.0-cp310-cp310-musllinux_1_2_x86_64.whl", hash = "sha256:73ddde795ee9b06257dac5ad42fcb07f3b9b813f8c1f7f870f402f4dc54b5269"},
    {file = "pillow-11.1.0-cp310-cp310-win32.whl", hash = "sha256:3a5fe20a7b66e8135d7fd617b13272626a28278d0e578c98720d9ba4b2439d49"},
    {file = "pillow-11.1.0-cp310-cp310-win_amd64.whl", hash = "sha256:b6123aa4a59d75f06e9dd3dac5bf8bc9aa383121bb3dd9a7a612e05eabc9961a"},
    {file = "pillow-11.1.0-cp310-cp310-win_arm64.whl", hash = "sha256:a76da0a31da6fcae4210aa94fd779c65c75786bc9af06289cd1c184451ef7a65"},
    {file = "pillow-11.1.0-cp311-cp311-macosx_10_10_x86_64.whl", hash = "sha256:e06695e0326d05b06833b40b7ef477e475d0b1ba3a6d27da1bb48c23209bf457"},
    {file = "pillow-11.1.0-cp311-cp311-macosx_11_0_arm64.whl", hash = "sha256:96f82000e12f23e4f29346e42702b6ed9a2f2fea34a740dd5ffffcc8c539eb35"},
    {file = "pillow-11.1.0-cp311-cp311-manylinux_2_17_aarch64.manylinux2014_aarch64.whl", hash = "sha256:a3cd561ded2cf2bbae44d4605837221b987c216cff94f49dfeed63488bb228d2"},
    {file = "pillow-11.1.0-cp311-cp311-manylinux_2_17_x86_64.manylinux2014_x86_64.whl", hash = "sha256:f189805c8be5ca5add39e6f899e6ce2ed824e65fb45f3c28cb2841911da19070"},
    {file = "pillow-11.1.0-cp311-cp311-manylinux_2_28_aarch64.whl", hash = "sha256:dd0052e9db3474df30433f83a71b9b23bd9e4ef1de13d92df21a52c0303b8ab6"},
    {file = "pillow-11.1.0-cp311-cp311-manylinux_2_28_x86_64.whl", hash = "sha256:837060a8599b8f5d402e97197d4924f05a2e0d68756998345c829c33186217b1"},
    {file = "pillow-11.1.0-cp311-cp311-musllinux_1_2_aarch64.whl", hash = "sha256:aa8dd43daa836b9a8128dbe7d923423e5ad86f50a7a14dc688194b7be5c0dea2"},
    {file = "pillow-11.1.0-cp311-cp311-musllinux_1_2_x86_64.whl", hash = "sha256:0a2f91f8a8b367e7a57c6e91cd25af510168091fb89ec5146003e424e1558a96"},
    {file = "pillow-11.1.0-cp311-cp311-win32.whl", hash = "sha256:c12fc111ef090845de2bb15009372175d76ac99969bdf31e2ce9b42e4b8cd88f"},
    {file = "pillow-11.1.0-cp311-cp311-win_amd64.whl", hash = "sha256:fbd43429d0d7ed6533b25fc993861b8fd512c42d04514a0dd6337fb3ccf22761"},
    {file = "pillow-11.1.0-cp311-cp311-win_arm64.whl", hash = "sha256:f7955ecf5609dee9442cbface754f2c6e541d9e6eda87fad7f7a989b0bdb9d71"},
    {file = "pillow-11.1.0-cp312-cp312-macosx_10_13_x86_64.whl", hash = "sha256:2062ffb1d36544d42fcaa277b069c88b01bb7298f4efa06731a7fd6cc290b81a"},
    {file = "pillow-11.1.0-cp312-cp312-macosx_11_0_arm64.whl", hash = "sha256:a85b653980faad27e88b141348707ceeef8a1186f75ecc600c395dcac19f385b"},
    {file = "pillow-11.1.0-cp312-cp312-manylinux_2_17_aarch64.manylinux2014_aarch64.whl", hash = "sha256:9409c080586d1f683df3f184f20e36fb647f2e0bc3988094d4fd8c9f4eb1b3b3"},
    {file = "pillow-11.1.0-cp312-cp312-manylinux_2_17_x86_64.manylinux2014_x86_64.whl", hash = "sha256:7fdadc077553621911f27ce206ffcbec7d3f8d7b50e0da39f10997e8e2bb7f6a"},
    {file = "pillow-11.1.0-cp312-cp312-manylinux_2_28_aarch64.whl", hash = "sha256:93a18841d09bcdd774dcdc308e4537e1f867b3dec059c131fde0327899734aa1"},
    {file = "pillow-11.1.0-cp312-cp312-manylinux_2_28_x86_64.whl", hash = "sha256:9aa9aeddeed452b2f616ff5507459e7bab436916ccb10961c4a382cd3e03f47f"},
    {file = "pillow-11.1.0-cp312-cp312-musllinux_1_2_aarch64.whl", hash = "sha256:3cdcdb0b896e981678eee140d882b70092dac83ac1cdf6b3a60e2216a73f2b91"},
    {file = "pillow-11.1.0-cp312-cp312-musllinux_1_2_x86_64.whl", hash = "sha256:36ba10b9cb413e7c7dfa3e189aba252deee0602c86c309799da5a74009ac7a1c"},
    {file = "pillow-11.1.0-cp312-cp312-win32.whl", hash = "sha256:cfd5cd998c2e36a862d0e27b2df63237e67273f2fc78f47445b14e73a810e7e6"},
    {file = "pillow-11.1.0-cp312-cp312-win_amd64.whl", hash = "sha256:a697cd8ba0383bba3d2d3ada02b34ed268cb548b369943cd349007730c92bddf"},
    {file = "pillow-11.1.0-cp312-cp312-win_arm64.whl", hash = "sha256:4dd43a78897793f60766563969442020e90eb7847463eca901e41ba186a7d4a5"},
    {file = "pillow-11.1.0-cp313-cp313-macosx_10_13_x86_64.whl", hash = "sha256:ae98e14432d458fc3de11a77ccb3ae65ddce70f730e7c76140653048c71bfcbc"},
    {file = "pillow-11.1.0-cp313-cp313-macosx_11_0_arm64.whl", hash = "sha256:cc1331b6d5a6e144aeb5e626f4375f5b7ae9934ba620c0ac6b3e43d5e683a0f0"},
    {file = "pillow-11.1.0-cp313-cp313-manylinux_2_17_aarch64.manylinux2014_aarch64.whl", hash = "sha256:758e9d4ef15d3560214cddbc97b8ef3ef86ce04d62ddac17ad39ba87e89bd3b1"},
    {file = "pillow-11.1.0-cp313-cp313-manylinux_2_17_x86_64.manylinux2014_x86_64.whl", hash = "sha256:b523466b1a31d0dcef7c5be1f20b942919b62fd6e9a9be199d035509cbefc0ec"},
    {file = "pillow-11.1.0-cp313-cp313-manylinux_2_28_aarch64.whl", hash = "sha256:9044b5e4f7083f209c4e35aa5dd54b1dd5b112b108648f5c902ad586d4f945c5"},
    {file = "pillow-11.1.0-cp313-cp313-manylinux_2_28_x86_64.whl", hash = "sha256:3764d53e09cdedd91bee65c2527815d315c6b90d7b8b79759cc48d7bf5d4f114"},
    {file = "pillow-11.1.0-cp313-cp313-musllinux_1_2_aarch64.whl", hash = "sha256:31eba6bbdd27dde97b0174ddf0297d7a9c3a507a8a1480e1e60ef914fe23d352"},
    {file = "pillow-11.1.0-cp313-cp313-musllinux_1_2_x86_64.whl", hash = "sha256:b5d658fbd9f0d6eea113aea286b21d3cd4d3fd978157cbf2447a6035916506d3"},
    {file = "pillow-11.1.0-cp313-cp313-win32.whl", hash = "sha256:f86d3a7a9af5d826744fabf4afd15b9dfef44fe69a98541f666f66fbb8d3fef9"},
    {file = "pillow-11.1.0-cp313-cp313-win_amd64.whl", hash = "sha256:593c5fd6be85da83656b93ffcccc2312d2d149d251e98588b14fbc288fd8909c"},
    {file = "pillow-11.1.0-cp313-cp313-win_arm64.whl", hash = "sha256:11633d58b6ee5733bde153a8dafd25e505ea3d32e261accd388827ee987baf65"},
    {file = "pillow-11.1.0-cp313-cp313t-macosx_10_13_x86_64.whl", hash = "sha256:70ca5ef3b3b1c4a0812b5c63c57c23b63e53bc38e758b37a951e5bc466449861"},
    {file = "pillow-11.1.0-cp313-cp313t-macosx_11_0_arm64.whl", hash = "sha256:8000376f139d4d38d6851eb149b321a52bb8893a88dae8ee7d95840431977081"},
    {file = "pillow-11.1.0-cp313-cp313t-manylinux_2_17_x86_64.manylinux2014_x86_64.whl", hash = "sha256:9ee85f0696a17dd28fbcfceb59f9510aa71934b483d1f5601d1030c3c8304f3c"},
    {file = "pillow-11.1.0-cp313-cp313t-manylinux_2_28_x86_64.whl", hash = "sha256:dd0e081319328928531df7a0e63621caf67652c8464303fd102141b785ef9547"},
    {file = "pillow-11.1.0-cp313-cp313t-musllinux_1_2_x86_64.whl", hash = "sha256:e63e4e5081de46517099dc30abe418122f54531a6ae2ebc8680bcd7096860eab"},
    {file = "pillow-11.1.0-cp313-cp313t-win32.whl", hash = "sha256:dda60aa465b861324e65a78c9f5cf0f4bc713e4309f83bc387be158b077963d9"},
    {file = "pillow-11.1.0-cp313-cp313t-win_amd64.whl", hash = "sha256:ad5db5781c774ab9a9b2c4302bbf0c1014960a0a7be63278d13ae6fdf88126fe"},
    {file = "pillow-11.1.0-cp313-cp313t-win_arm64.whl", hash = "sha256:67cd427c68926108778a9005f2a04adbd5e67c442ed21d95389fe1d595458756"},
    {file = "pillow-11.1.0-cp39-cp39-macosx_10_10_x86_64.whl", hash = "sha256:bf902d7413c82a1bfa08b06a070876132a5ae6b2388e2712aab3a7cbc02205c6"},
    {file = "pillow-11.1.0-cp39-cp39-macosx_11_0_arm64.whl", hash = "sha256:c1eec9d950b6fe688edee07138993e54ee4ae634c51443cfb7c1e7613322718e"},
    {file = "pillow-11.1.0-cp39-cp39-manylinux_2_17_aarch64.manylinux2014_aarch64.whl", hash = "sha256:8e275ee4cb11c262bd108ab2081f750db2a1c0b8c12c1897f27b160c8bd57bbc"},
    {file = "pillow-11.1.0-cp39-cp39-manylinux_2_17_x86_64.manylinux2014_x86_64.whl", hash = "sha256:4db853948ce4e718f2fc775b75c37ba2efb6aaea41a1a5fc57f0af59eee774b2"},
    {file = "pillow-11.1.0-cp39-cp39-manylinux_2_28_aarch64.whl", hash = "sha256:ab8a209b8485d3db694fa97a896d96dd6533d63c22829043fd9de627060beade"},
    {file = "pillow-11.1.0-cp39-cp39-manylinux_2_28_x86_64.whl", hash = "sha256:54251ef02a2309b5eec99d151ebf5c9904b77976c8abdcbce7891ed22df53884"},
    {file = "pillow-11.1.0-cp39-cp39-musllinux_1_2_aarch64.whl", hash = "sha256:5bb94705aea800051a743aa4874bb1397d4695fb0583ba5e425ee0328757f196"},
    {file = "pillow-11.1.0-cp39-cp39-musllinux_1_2_x86_64.whl", hash = "sha256:89dbdb3e6e9594d512780a5a1c42801879628b38e3efc7038094430844e271d8"},
    {file = "pillow-11.1.0-cp39-cp39-win32.whl", hash = "sha256:e5449ca63da169a2e6068dd0e2fcc8d91f9558aba89ff6d02121ca8ab11e79e5"},
    {file = "pillow-11.1.0-cp39-cp39-win_amd64.whl", hash = "sha256:3362c6ca227e65c54bf71a5f88b3d4565ff1bcbc63ae72c34b07bbb1cc59a43f"},
    {file = "pillow-11.1.0-cp39-cp39-win_arm64.whl", hash = "sha256:b20be51b37a75cc54c2c55def3fa2c65bb94ba859dde241cd0a4fd302de5ae0a"},
    {file = "pillow-11.1.0-pp310-pypy310_pp73-macosx_10_15_x86_64.whl", hash = "sha256:8c730dc3a83e5ac137fbc92dfcfe1511ce3b2b5d7578315b63dbbb76f7f51d90"},
    {file = "pillow-11.1.0-pp310-pypy310_pp73-macosx_11_0_arm64.whl", hash = "sha256:7d33d2fae0e8b170b6a6c57400e077412240f6f5bb2a342cf1ee512a787942bb"},
    {file = "pillow-11.1.0-pp310-pypy310_pp73-manylinux_2_17_aarch64.manylinux2014_aarch64.whl", hash = "sha256:a8d65b38173085f24bc07f8b6c505cbb7418009fa1a1fcb111b1f4961814a442"},
    {file = "pillow-11.1.0-pp310-pypy310_pp73-manylinux_2_17_x86_64.manylinux2014_x86_64.whl", hash = "sha256:015c6e863faa4779251436db398ae75051469f7c903b043a48f078e437656f83"},
    {file = "pillow-11.1.0-pp310-pypy310_pp73-manylinux_2_28_aarch64.whl", hash = "sha256:d44ff19eea13ae4acdaaab0179fa68c0c6f2f45d66a4d8ec1eda7d6cecbcc15f"},
    {file = "pillow-11.1.0-pp310-pypy310_pp73-manylinux_2_28_x86_64.whl", hash = "sha256:d3d8da4a631471dfaf94c10c85f5277b1f8e42ac42bade1ac67da4b4a7359b73"},
    {file = "pillow-11.1.0-pp310-pypy310_pp73-win_amd64.whl", hash = "sha256:4637b88343166249fe8aa94e7c4a62a180c4b3898283bb5d3d2fd5fe10d8e4e0"},
    {file = "pillow-11.1.0.tar.gz", hash = "sha256:368da70808b36d73b4b390a8ffac11069f8a5c85f29eff1f1b01bcf3ef5b2a20"},
]

[package.extras]
docs = ["furo", "olefile", "sphinx (>=8.1)", "sphinx-copybutton", "sphinx-inline-tabs", "sphinxext-opengraph"]
fpx = ["olefile"]
mic = ["olefile"]
tests = ["check-manifest", "coverage (>=7.4.2)", "defusedxml", "markdown2", "olefile", "packaging", "pyroma", "pytest", "pytest-cov", "pytest-timeout", "trove-classifiers (>=2024.10.12)"]
typing = ["typing-extensions ; python_version < \"3.10\""]
xmp = ["defusedxml"]

[[package]]
name = "ply"
version = "3.11"
description = "Python Lex & Yacc"
optional = false
python-versions = "*"
groups = ["main"]
files = [
    {file = "ply-3.11-py2.py3-none-any.whl", hash = "sha256:096f9b8350b65ebd2fd1346b12452efe5b9607f7482813ffca50c22722a807ce"},
    {file = "ply-3.11.tar.gz", hash = "sha256:00c7c1aaa88358b9c765b6d3000c6eec0ba42abca5351b095321aef446081da3"},
]

[metadata]
lock-version = "2.1"
python-versions = "^3.12"
content-hash = "6336ae9af05f27b8fd52e3f886268c06c522ecd7500b345de70faf0df8b09286"
